{
  "name": "installed-nodes",
  "version": "1.0.0",
  "lockfileVersion": 3,
  "requires": true,
  "packages": {
    "": {
      "name": "installed-nodes",
      "version": "1.0.0",
      "license": "ISC",
      "dependencies": {
        "n8n-nodes-gnosi": "file:../custom"
      }
    },
    "../custom": {
      "name": "n8n-nodes-gnosi",
      "version": "0.1.0",
      "license": "MIT",
      "devDependencies": {
        "@types/node": "^18.11.18",
        "gulp": "^4.0.2",
        "n8n-workflow": "^1.24.0",
        "typescript": "^5.1.6"
      }
    },
    "node_modules/n8n-nodes-gnosi": {
      "resolved": "../custom",
      "link": true
    }
  }
}
